
Microsoft Visual Studio Solution File, Format Version 12.00
# Visual Studio 15
VisualStudioVersion = 15.0.26730.12
MinimumVisualStudioVersion = 10.0.40219.1
Project("{9A19103F-16F7-4668-BE54-9A1E7A4F7556}") = "Loggers.App", "Logger.App\Loggers.App.csproj", "{42558DF4-94F2-4B04-B6CA-0E70DC0CD184}"
EndProject
Project("{9A19103F-16F7-4668-BE54-9A1E7A4F7556}") = "LoggerLibrary", "LoggerLibrary\LoggerLibrary.csproj", "{07B7C569-CEB2-4A29-9824-3382DD9054F8}"
EndProject
Global
	GlobalSection(SolutionConfigurationPlatforms) = preSolution
		Debug|Any CPU = Debug|Any CPU
		Release|Any CPU = Release|Any CPU
	EndGlobalSection
	GlobalSection(ProjectConfigurationPlatforms) = postSolution
		{42558DF4-94F2-4B04-B6CA-0E70DC0CD184}.Debug|Any CPU.ActiveCfg = Debug|Any CPU
		{42558DF4-94F2-4B04-B6CA-0E70DC0CD184}.Debug|Any CPU.Build.0 = Debug|Any CPU
		{42558DF4-94F2-4B04-B6CA-0E70DC0CD184}.Release|Any CPU.ActiveCfg = Release|Any CPU
		{42558DF4-94F2-4B04-B6CA-0E70DC0CD184}.Release|Any CPU.Build.0 = Release|Any CPU
		{07B7C569-CEB2-4A29-9824-3382DD9054F8}.Debug|Any CPU.ActiveCfg = Debug|Any CPU
		{07B7C569-CEB2-4A29-9824-3382DD9054F8}.Debug|Any CPU.Build.0 = Debug|Any CPU
		{07B7C569-CEB2-4A29-9824-3382DD9054F8}.Release|Any CPU.ActiveCfg = Release|Any CPU
		{07B7C569-CEB2-4A29-9824-3382DD9054F8}.Release|Any CPU.Build.0 = Release|Any CPU
	EndGlobalSection
	GlobalSection(SolutionProperties) = preSolution
		HideSolutionNode = FALSE
	EndGlobalSection
	GlobalSection(ExtensibilityGlobals) = postSolution
		SolutionGuid = {865B41DA-6FDC-423B-AFE7-1079D6B0E7F5}
	EndGlobalSection
EndGlobal
